
Microsoft Visual Studio Solution File, Format Version 12.00
# Visual Studio Version 16
VisualStudioVersion = 16.0.31129.286
MinimumVisualStudioVersion = 10.0.40219.1
Project("{FAE04EC0-301F-11D3-BF4B-00C04F79EFBC}") = "KarliCards GUI", "KarliCards GUI\KarliCards GUI.csproj", "{5D0DFA34-5D96-40EF-A5EE-0E46948F1ACB}"
EndProject
Global
	GlobalSection(SolutionConfigurationPlatforms) = preSolution
		Debug|Any CPU = Debug|Any CPU
		Release|Any CPU = Release|Any CPU
	EndGlobalSection
	GlobalSection(ProjectConfigurationPlatforms) = postSolution
		{5D0DFA34-5D96-40EF-A5EE-0E46948F1ACB}.Debug|Any CPU.ActiveCfg = Debug|Any CPU
		{5D0DFA34-5D96-40EF-A5EE-0E46948F1ACB}.Debug|Any CPU.Build.0 = Debug|Any CPU
		{5D0DFA34-5D96-40EF-A5EE-0E46948F1ACB}.Release|Any CPU.ActiveCfg = Release|Any CPU
		{5D0DFA34-5D96-40EF-A5EE-0E46948F1ACB}.Release|Any CPU.Build.0 = Release|Any CPU
	EndGlobalSection
	GlobalSection(SolutionProperties) = preSolution
		HideSolutionNode = FALSE
	EndGlobalSection
	GlobalSection(ExtensibilityGlobals) = postSolution
		SolutionGuid = {2CDC45F9-8672-4CFF-88B7-67D49DCF7ECF}
	EndGlobalSection
EndGlobal
