
Microsoft Visual Studio Solution File, Format Version 12.00
# Visual Studio Version 16
VisualStudioVersion = 16.0.31129.286
MinimumVisualStudioVersion = 10.0.40219.1
Project("{FAE04EC0-301F-11D3-BF4B-00C04F79EFBC}") = "Chapter02 Windows forms .Net Framework", "Chapter02 Windows forms .Net Framework.csproj", "{940210B7-E961-43D0-8BD5-77A0F82FD476}"
EndProject
Global
	GlobalSection(SolutionConfigurationPlatforms) = preSolution
		Debug|Any CPU = Debug|Any CPU
		Release|Any CPU = Release|Any CPU
	EndGlobalSection
	GlobalSection(ProjectConfigurationPlatforms) = postSolution
		{940210B7-E961-43D0-8BD5-77A0F82FD476}.Debug|Any CPU.ActiveCfg = Debug|Any CPU
		{940210B7-E961-43D0-8BD5-77A0F82FD476}.Debug|Any CPU.Build.0 = Debug|Any CPU
		{940210B7-E961-43D0-8BD5-77A0F82FD476}.Release|Any CPU.ActiveCfg = Release|Any CPU
		{940210B7-E961-43D0-8BD5-77A0F82FD476}.Release|Any CPU.Build.0 = Release|Any CPU
	EndGlobalSection
	GlobalSection(SolutionProperties) = preSolution
		HideSolutionNode = FALSE
	EndGlobalSection
	GlobalSection(ExtensibilityGlobals) = postSolution
		SolutionGuid = {C123C06B-E320-4996-BEDA-F84614AF8B4A}
	EndGlobalSection
EndGlobal
